
Microsoft Visual Studio Solution File, Format Version 12.00
# Visual Studio Version 16
VisualStudioVersion = 16.0.30717.126
MinimumVisualStudioVersion = 10.0.40219.1
Project("{9A19103F-16F7-4668-BE54-9A1E7A4F7556}") = "netcentricproject", "SQLconnector\netcentricproject.csproj", "{748F740E-CC6D-47F1-8006-3EADE3F11E25}"
EndProject
Project("{9A19103F-16F7-4668-BE54-9A1E7A4F7556}") = "DAL", "DAL\DAL.csproj", "{70AB19B4-94C5-4BCA-9B1D-ADA2A65DD873}"
EndProject
Global
	GlobalSection(SolutionConfigurationPlatforms) = preSolution
		Debug|Any CPU = Debug|Any CPU
		Release|Any CPU = Release|Any CPU
	EndGlobalSection
	GlobalSection(ProjectConfigurationPlatforms) = postSolution
		{748F740E-CC6D-47F1-8006-3EADE3F11E25}.Debug|Any CPU.ActiveCfg = Debug|Any CPU
		{748F740E-CC6D-47F1-8006-3EADE3F11E25}.Debug|Any CPU.Build.0 = Debug|Any CPU
		{748F740E-CC6D-47F1-8006-3EADE3F11E25}.Release|Any CPU.ActiveCfg = Release|Any CPU
		{748F740E-CC6D-47F1-8006-3EADE3F11E25}.Release|Any CPU.Build.0 = Release|Any CPU
		{70AB19B4-94C5-4BCA-9B1D-ADA2A65DD873}.Debug|Any CPU.ActiveCfg = Debug|Any CPU
		{70AB19B4-94C5-4BCA-9B1D-ADA2A65DD873}.Debug|Any CPU.Build.0 = Debug|Any CPU
		{70AB19B4-94C5-4BCA-9B1D-ADA2A65DD873}.Release|Any CPU.ActiveCfg = Release|Any CPU
		{70AB19B4-94C5-4BCA-9B1D-ADA2A65DD873}.Release|Any CPU.Build.0 = Release|Any CPU
	EndGlobalSection
	GlobalSection(SolutionProperties) = preSolution
		HideSolutionNode = FALSE
	EndGlobalSection
	GlobalSection(ExtensibilityGlobals) = postSolution
		SolutionGuid = {9D9506B1-7F7C-43AD-A136-B7852686461A}
	EndGlobalSection
EndGlobal
